github.com/NandoTheessen/Gophercises-urlshort v0.0.0-20200123222833-0787300ddce6 h1:jGXQSZj+RzAHWan0ITPm79eG7s6rFptjfZHMlJfF9qk=
github.com/NandoTheessen/Gophercises-urlshort v0.0.0-20200123230805-6de48fcc1324 h1:ZrLHNI7hD6Op8GiErZ9pw74/NMxA7F3MpW3A3kYzluI=
github.com/NandoTheessen/Gophercises-urlshort v0.0.0-20200123230805-6de48fcc1324/go.mod h1:OGH/s7ckh7YgSaKbtDao/UoSD1lXbVgpVz2M/3MM288=
gopkg.in/check.v1 v0.0.0-20161208181325-20d25e280405 h1:yhCVgyC4o1eVCa2tZl7eS0r+SDo693bJlVdllGtEeKM=
gopkg.in/check.v1 v0.0.0-20161208181325-20d25e280405/go.mod h1:Co6ibVJAznAaIkqp8huTwlJQCZ016jof/cbN4VW5Yz0=
gopkg.in/yaml.v2 v2.2.8 h1:obN1ZagJSUGI0Ek/LBmuj4SNLPfIny3KsKFopxRdj10=
gopkg.in/yaml.v2 v2.2.8/go.mod h1:hI93XBmqTisBFMUTm0b8Fm+jr3Dg1NNxqwp+5A1VGuI=
